
Microsoft Visual Studio Solution File, Format Version 10.00
# Visual C++ Express 2008
Project("{8BC9CEB8-8B4A-11D0-8D11-00A0C91BC942}") = "특강4-1", "특강4-1\특강4-1.vcproj", "{15B52C08-B8CE-4574-83B7-F3CF10B07113}"
EndProject
Global
	GlobalSection(SolutionConfigurationPlatforms) = preSolution
		Debug|Win32 = Debug|Win32
		Release|Win32 = Release|Win32
	EndGlobalSection
	GlobalSection(ProjectConfigurationPlatforms) = postSolution
		{15B52C08-B8CE-4574-83B7-F3CF10B07113}.Debug|Win32.ActiveCfg = Debug|Win32
		{15B52C08-B8CE-4574-83B7-F3CF10B07113}.Debug|Win32.Build.0 = Debug|Win32
		{15B52C08-B8CE-4574-83B7-F3CF10B07113}.Release|Win32.ActiveCfg = Release|Win32
		{15B52C08-B8CE-4574-83B7-F3CF10B07113}.Release|Win32.Build.0 = Release|Win32
	EndGlobalSection
	GlobalSection(SolutionProperties) = preSolution
		HideSolutionNode = FALSE
	EndGlobalSection
EndGlobal
